{
    "_readme": [
        "This file locks the dependencies of your project to a known state",
        "Read more about it at https://getcomposer.org/doc/01-basic-usage.md#composer-lock-the-lock-file",
        "This file is @generated automatically"
    ],
    "hash": "0a0993b69186462785abe476ecb428bd",
    "content-hash": "5df5b5456e65325512a2df360ff5f162",
    "packages": [],
    "packages-dev": [],
    "aliases": [],
    "minimum-stability": "stable",
    "stability-flags": [],
    "prefer-stable": false,
    "prefer-lowest": false,
    "platform": {
        "hhvm": "~3.3",
        "php": "~7.1",
        "ext-gd": "*",
        "ext-mbstring": "*"
    },
    "platform-dev": []
}
