{
    "_readme": [
        "This file locks the dependencies of your project to a known state",
        "Read more about it at https://getcomposer.org/doc/01-basic-usage.md#composer-lock-the-lock-file",
        "This file is @generated automatically"
    ],
    "hash": "97bb7fd55e3643c921c630b5745413ea",
    "content-hash": "ac4868a676630c569e09bb954720357b",
    "packages": [],
    "packages-dev": [],
    "aliases": [],
    "minimum-stability": "stable",
    "stability-flags": [],
    "prefer-stable": false,
    "prefer-lowest": false,
    "platform": {
        "php": "~7.1.1",
        "ext-gd": "*",
        "ext-mbstring": "*"
    },
    "platform-dev": []
}
