{
    "_readme": [
        "This file locks the dependencies of your project to a known state",
        "Read more about it at https://getcomposer.org/doc/01-basic-usage.md#composer-lock-the-lock-file",
        "This file is @generated automatically"
    ],
    "hash": "9e8547720c6248ab782d0df5db49d25c",
    "content-hash": "d64ff8869b3e2d0621c7f0db5744b06f",
    "packages": [],
    "packages-dev": [],
    "aliases": [],
    "minimum-stability": "stable",
    "stability-flags": [],
    "prefer-stable": false,
    "prefer-lowest": false,
    "platform": {
        "hhvm": "~3.5.1",
        "php": "~7.1.1",
        "ext-gd": "*",
        "ext-mbstring": "*"
    },
    "platform-dev": []
}
